# This file was autogenerated by Stack.
# You should not edit this file by hand.
# For more information, please see the documentation at:
#   https://docs.haskellstack.org/en/stable/lock_files

packages:
- completed:
    hackage: polysemy-1.6.0.0@sha256:29a73b1bf3d0049b12041016b7ee25e76bd8f6e99f9c37c2dde2b46368246697,6184
    pantry-tree:
      size: 4577
      sha256: c4ca508b4a6786fc27e0f484344ce8dba119ea2f7fe47fb7379a51313a94cd10
  original:
    hackage: polysemy-1.6.0.0
- completed:
    hackage: polysemy-plugin-0.4.0.0@sha256:456d3c22a6363a7be8b0856a40109c44bc9ad58e702fbc74679f2f0e89c3d309,3148
    pantry-tree:
      size: 1221
      sha256: 846858f8362a58cece2dda10001d7eba11722947e04822fc5c3cdf52207b14e5
  original:
    hackage: polysemy-plugin-0.4.0.0@sha256:456d3c22a6363a7be8b0856a40109c44bc9ad58e702fbc74679f2f0e89c3d309,3148
- completed:
    hackage: quickcheck-state-machine-0.7.1@sha256:575f16ece44b20f204730b7b5d77a1ed91b33f4a961a4e70932fc8d602082b10,6153
    pantry-tree:
      size: 3022
      sha256: edb32e2c7ac3be15e0d110b762990192d993326779f440984e56de0be5e0f714
  original:
    hackage: quickcheck-state-machine-0.7.1
- completed:
    hackage: markov-chain-usage-model-0.0.0@sha256:1afa95faeb9213c4d960a669190078b41b89169462b8edd910472980671ba8c0,2112
    pantry-tree:
      size: 432
      sha256: 6871bd9281acf589296d0998a3d62892b036040ab10e74e8a0f356f68c194f4f
  original:
    hackage: markov-chain-usage-model-0.0.0@sha256:1afa95faeb9213c4d960a669190078b41b89169462b8edd910472980671ba8c0,2112
- completed:
    hackage: recover-rtti-0.4.0.0@sha256:2ce1e031ec0e34d736fa45f0149bbd55026f614939dc90ffd14a9c5d24093ff4,4423
    pantry-tree:
      size: 2410
      sha256: d87d84c3f760c1b2540f74e4a301cd4e8294df891e8e4262e8bdd313bc8e0bfd
  original:
    hackage: recover-rtti-0.4.0.0@sha256:2ce1e031ec0e34d736fa45f0149bbd55026f614939dc90ffd14a9c5d24093ff4,4423
- completed:
    hackage: unordered-containers-0.2.12.0@sha256:164a47850c4536c8b7cc12f74578588cf3b6c331f04e671306d2dcb806284bb1,4978
    pantry-tree:
      size: 1388
      sha256: 6c5fc0b867c11681dbadeb9cbcae10864abe3c5a4799410016c90871d3406c6e
  original:
    hackage: unordered-containers-0.2.12.0
snapshots:
- completed:
    size: 534126
    url: https://raw.githubusercontent.com/commercialhaskell/stackage-snapshots/master/lts/16/31.yaml
    sha256: 637fb77049b25560622a224845b7acfe81a09fdb6a96a3c75997a10b651667f6
  original: lts-16.31
