# This file was autogenerated by Stack.
# You should not edit this file by hand.
# For more information, please see the documentation at:
#   https://docs.haskellstack.org/en/stable/lock_files

packages:
- completed:
    hackage: polysemy-1.7.0.0@sha256:c972f33191113e2fe6809ea1cda24a6cabfeed2f115b3be0137dee7c65d08293,5977
    pantry-tree:
      size: 4577
      sha256: 78c733f5dde13340e880bbb883dc64af948f6449da3a4025811cdc79c204dfde
  original:
    hackage: polysemy-1.7.0.0
- completed:
    hackage: polysemy-plugin-0.4.2.0@sha256:1dbcb892bb866926994dadafeb93e76ae4a6625dc3ae9ca0f4f419ee85cb2f7b,3154
    pantry-tree:
      size: 1229
      sha256: ee75425b00b0f1c80207c3c4d5df86a94d892de229b75fb23e0380ec2526a626
  original:
    hackage: polysemy-plugin-0.4.2.0
snapshots:
- completed:
    size: 534126
    url: https://raw.githubusercontent.com/commercialhaskell/stackage-snapshots/master/lts/16/31.yaml
    sha256: 637fb77049b25560622a224845b7acfe81a09fdb6a96a3c75997a10b651667f6
  original: lts-16.31
